PODS:
  - hoextdown (3.0.5.2):
    - hoextdown/standard (= 3.0.5.2)
  - hoextdown/standard (3.0.5.2)

DEPENDENCIES:
  - hoextdown (from `https://github.com/ashokgelal/hoextdown`)

EXTERNAL SOURCES:
  hoextdown:
    :git: https://github.com/ashokgelal/hoextdown

CHECKOUT OPTIONS:
  hoextdown:
    :commit: 67aceda34bb1e8b90ca2bc5494135d656c5d052f
    :git: https://github.com/ashokgelal/hoextdown

SPEC CHECKSUMS:
  hoextdown: c263021add8a5814efc914fab62776931eaf6d5e

COCOAPODS: 0.39.0
